
Microsoft Visual Studio Solution File, Format Version 12.00
# Visual Studio Version 16
VisualStudioVersion = 16.0.29613.14
MinimumVisualStudioVersion = 10.0.40219.1
Project("{FAE04EC0-301F-11D3-BF4B-00C04F79EFBC}") = "ViewModel", "ViewModel\ViewModel.csproj", "{8C36175D-442C-4729-ACFE-D0282BAD3491}"
EndProject
Project("{FAE04EC0-301F-11D3-BF4B-00C04F79EFBC}") = "View", "View\View.csproj", "{A88C107A-C3B4-4018-A4FF-F21184209169}"
EndProject
Project("{FAE04EC0-301F-11D3-BF4B-00C04F79EFBC}") = "Service", "Service\Service.csproj", "{E7C41933-1693-41B6-899B-D286623E26A8}"
EndProject
Project("{FAE04EC0-301F-11D3-BF4B-00C04F79EFBC}") = "Model", "DataLayer\Model.csproj", "{F6FF1847-362D-4D1F-94CC-EF6918645219}"
EndProject
Project("{FAE04EC0-301F-11D3-BF4B-00C04F79EFBC}") = "UnitTests", "UnitTests\UnitTests.csproj", "{DEF575B9-F470-4D35-9A05-4630D68F4BF1}"
EndProject
Global
	GlobalSection(SolutionConfigurationPlatforms) = preSolution
		Debug|Any CPU = Debug|Any CPU
		Release|Any CPU = Release|Any CPU
	EndGlobalSection
	GlobalSection(ProjectConfigurationPlatforms) = postSolution
		{8C36175D-442C-4729-ACFE-D0282BAD3491}.Debug|Any CPU.ActiveCfg = Debug|Any CPU
		{8C36175D-442C-4729-ACFE-D0282BAD3491}.Debug|Any CPU.Build.0 = Debug|Any CPU
		{8C36175D-442C-4729-ACFE-D0282BAD3491}.Release|Any CPU.ActiveCfg = Release|Any CPU
		{8C36175D-442C-4729-ACFE-D0282BAD3491}.Release|Any CPU.Build.0 = Release|Any CPU
		{A88C107A-C3B4-4018-A4FF-F21184209169}.Debug|Any CPU.ActiveCfg = Debug|Any CPU
		{A88C107A-C3B4-4018-A4FF-F21184209169}.Debug|Any CPU.Build.0 = Debug|Any CPU
		{A88C107A-C3B4-4018-A4FF-F21184209169}.Release|Any CPU.ActiveCfg = Release|Any CPU
		{A88C107A-C3B4-4018-A4FF-F21184209169}.Release|Any CPU.Build.0 = Release|Any CPU
		{E7C41933-1693-41B6-899B-D286623E26A8}.Debug|Any CPU.ActiveCfg = Debug|Any CPU
		{E7C41933-1693-41B6-899B-D286623E26A8}.Debug|Any CPU.Build.0 = Debug|Any CPU
		{E7C41933-1693-41B6-899B-D286623E26A8}.Release|Any CPU.ActiveCfg = Release|Any CPU
		{E7C41933-1693-41B6-899B-D286623E26A8}.Release|Any CPU.Build.0 = Release|Any CPU
		{F6FF1847-362D-4D1F-94CC-EF6918645219}.Debug|Any CPU.ActiveCfg = Debug|Any CPU
		{F6FF1847-362D-4D1F-94CC-EF6918645219}.Debug|Any CPU.Build.0 = Debug|Any CPU
		{F6FF1847-362D-4D1F-94CC-EF6918645219}.Release|Any CPU.ActiveCfg = Release|Any CPU
		{F6FF1847-362D-4D1F-94CC-EF6918645219}.Release|Any CPU.Build.0 = Release|Any CPU
		{DEF575B9-F470-4D35-9A05-4630D68F4BF1}.Debug|Any CPU.ActiveCfg = Debug|Any CPU
		{DEF575B9-F470-4D35-9A05-4630D68F4BF1}.Debug|Any CPU.Build.0 = Debug|Any CPU
		{DEF575B9-F470-4D35-9A05-4630D68F4BF1}.Release|Any CPU.ActiveCfg = Release|Any CPU
		{DEF575B9-F470-4D35-9A05-4630D68F4BF1}.Release|Any CPU.Build.0 = Release|Any CPU
	EndGlobalSection
	GlobalSection(SolutionProperties) = preSolution
		HideSolutionNode = FALSE
	EndGlobalSection
	GlobalSection(ExtensibilityGlobals) = postSolution
		SolutionGuid = {C6C8AD3A-4F6A-40C6-B48A-9964BCDB26C9}
	EndGlobalSection
EndGlobal
