
Microsoft Visual Studio Solution File, Format Version 12.00
# Visual Studio Version 16
VisualStudioVersion = 16.0.29613.14
MinimumVisualStudioVersion = 10.0.40219.1
Project("{FAE04EC0-301F-11D3-BF4B-00C04F79EFBC}") = "DataLayer", "DataLayer\DataLayer.csproj", "{261F4B84-BB15-41D0-8F43-9FCC7CAEB93A}"
EndProject
Project("{FAE04EC0-301F-11D3-BF4B-00C04F79EFBC}") = "UnitTests", "UnitTests\UnitTests.csproj", "{FF71526F-F52D-49FB-896E-C2F054CD34D7}"
EndProject
Project("{FAE04EC0-301F-11D3-BF4B-00C04F79EFBC}") = "Service", "Service\Service.csproj", "{B850C243-665F-4266-BC5F-B5921350E839}"
EndProject
Global
	GlobalSection(SolutionConfigurationPlatforms) = preSolution
		Debug|Any CPU = Debug|Any CPU
		Release|Any CPU = Release|Any CPU
	EndGlobalSection
	GlobalSection(ProjectConfigurationPlatforms) = postSolution
		{261F4B84-BB15-41D0-8F43-9FCC7CAEB93A}.Debug|Any CPU.ActiveCfg = Debug|Any CPU
		{261F4B84-BB15-41D0-8F43-9FCC7CAEB93A}.Debug|Any CPU.Build.0 = Debug|Any CPU
		{261F4B84-BB15-41D0-8F43-9FCC7CAEB93A}.Release|Any CPU.ActiveCfg = Release|Any CPU
		{261F4B84-BB15-41D0-8F43-9FCC7CAEB93A}.Release|Any CPU.Build.0 = Release|Any CPU
		{FF71526F-F52D-49FB-896E-C2F054CD34D7}.Debug|Any CPU.ActiveCfg = Debug|Any CPU
		{FF71526F-F52D-49FB-896E-C2F054CD34D7}.Debug|Any CPU.Build.0 = Debug|Any CPU
		{FF71526F-F52D-49FB-896E-C2F054CD34D7}.Release|Any CPU.ActiveCfg = Release|Any CPU
		{FF71526F-F52D-49FB-896E-C2F054CD34D7}.Release|Any CPU.Build.0 = Release|Any CPU
		{B850C243-665F-4266-BC5F-B5921350E839}.Debug|Any CPU.ActiveCfg = Debug|Any CPU
		{B850C243-665F-4266-BC5F-B5921350E839}.Debug|Any CPU.Build.0 = Debug|Any CPU
		{B850C243-665F-4266-BC5F-B5921350E839}.Release|Any CPU.ActiveCfg = Release|Any CPU
		{B850C243-665F-4266-BC5F-B5921350E839}.Release|Any CPU.Build.0 = Release|Any CPU
	EndGlobalSection
	GlobalSection(SolutionProperties) = preSolution
		HideSolutionNode = FALSE
	EndGlobalSection
	GlobalSection(ExtensibilityGlobals) = postSolution
		SolutionGuid = {FAB37A0C-11EA-4731-964E-03ECDDD25149}
	EndGlobalSection
EndGlobal
