
Microsoft Visual Studio Solution File, Format Version 12.00
# Visual Studio Version 16
VisualStudioVersion = 16.0.29411.108
MinimumVisualStudioVersion = 10.0.40219.1
Project("{FAE04EC0-301F-11D3-BF4B-00C04F79EFBC}") = "Zadanie1", "Zadanie1\Zadanie1.csproj", "{C4D108E0-698A-4CC7-803E-0A9901845CAC}"
EndProject
Project("{FAE04EC0-301F-11D3-BF4B-00C04F79EFBC}") = "Zadanie1Tests", "Zadanie1Tests\Zadanie1Tests.csproj", "{2AC3ED2E-A3BB-440E-BF35-31ABB62FFBAF}"
EndProject
Project("{FAE04EC0-301F-11D3-BF4B-00C04F79EFBC}") = "Zadanie2", "Zadanie2\Zadanie2.csproj", "{F9191CBA-EC9F-4B27-86C2-6CA50F8C3EE7}"
EndProject
Project("{FAE04EC0-301F-11D3-BF4B-00C04F79EFBC}") = "Zadanie2Tests", "Zadanie2Tests\Zadanie2Tests.csproj", "{285A7717-EB1A-45AA-9DDC-7538EB421545}"
EndProject
Global
	GlobalSection(SolutionConfigurationPlatforms) = preSolution
		Debug|Any CPU = Debug|Any CPU
		Release|Any CPU = Release|Any CPU
	EndGlobalSection
	GlobalSection(ProjectConfigurationPlatforms) = postSolution
		{C4D108E0-698A-4CC7-803E-0A9901845CAC}.Debug|Any CPU.ActiveCfg = Debug|Any CPU
		{C4D108E0-698A-4CC7-803E-0A9901845CAC}.Debug|Any CPU.Build.0 = Debug|Any CPU
		{C4D108E0-698A-4CC7-803E-0A9901845CAC}.Release|Any CPU.ActiveCfg = Release|Any CPU
		{C4D108E0-698A-4CC7-803E-0A9901845CAC}.Release|Any CPU.Build.0 = Release|Any CPU
		{2AC3ED2E-A3BB-440E-BF35-31ABB62FFBAF}.Debug|Any CPU.ActiveCfg = Debug|Any CPU
		{2AC3ED2E-A3BB-440E-BF35-31ABB62FFBAF}.Debug|Any CPU.Build.0 = Debug|Any CPU
		{2AC3ED2E-A3BB-440E-BF35-31ABB62FFBAF}.Release|Any CPU.ActiveCfg = Release|Any CPU
		{2AC3ED2E-A3BB-440E-BF35-31ABB62FFBAF}.Release|Any CPU.Build.0 = Release|Any CPU
		{F9191CBA-EC9F-4B27-86C2-6CA50F8C3EE7}.Debug|Any CPU.ActiveCfg = Debug|Any CPU
		{F9191CBA-EC9F-4B27-86C2-6CA50F8C3EE7}.Debug|Any CPU.Build.0 = Debug|Any CPU
		{F9191CBA-EC9F-4B27-86C2-6CA50F8C3EE7}.Release|Any CPU.ActiveCfg = Release|Any CPU
		{F9191CBA-EC9F-4B27-86C2-6CA50F8C3EE7}.Release|Any CPU.Build.0 = Release|Any CPU
		{285A7717-EB1A-45AA-9DDC-7538EB421545}.Debug|Any CPU.ActiveCfg = Debug|Any CPU
		{285A7717-EB1A-45AA-9DDC-7538EB421545}.Debug|Any CPU.Build.0 = Debug|Any CPU
		{285A7717-EB1A-45AA-9DDC-7538EB421545}.Release|Any CPU.ActiveCfg = Release|Any CPU
		{285A7717-EB1A-45AA-9DDC-7538EB421545}.Release|Any CPU.Build.0 = Release|Any CPU
	EndGlobalSection
	GlobalSection(SolutionProperties) = preSolution
		HideSolutionNode = FALSE
	EndGlobalSection
	GlobalSection(ExtensibilityGlobals) = postSolution
		SolutionGuid = {3D1C3B0D-D1B6-4F28-8CE9-73B8EBE1BE7B}
	EndGlobalSection
EndGlobal
